// !$*UTF8*$!
{
	archiveVersion = 1;
	classes = {
	};
	objectVersion = 50;
	objects = {

/* Begin PBXBuildFile section */
		7B4005FA24D24714008FF91C /* JSONMock.swift in Sources */ = {isa = PBXBuildFile; fileRef = 7B4005F924D24714008FF91C /* JSONMock.swift */; };
		7B4005FC24D24817008FF91C /* UIClient.swift in Sources */ = {isa = PBXBuildFile; fileRef = 7B4005FB24D24817008FF91C /* UIClient.swift */; };
		7B4005FF24D2483B008FF91C /* Protocols.swift in Sources */ = {isa = PBXBuildFile; fileRef = 7B4005FE24D2483B008FF91C /* Protocols.swift */; };
		7B40060324D24CE7008FF91C /* View+Extensions.swift in Sources */ = {isa = PBXBuildFile; fileRef = 7B40060224D24CE7008FF91C /* View+Extensions.swift */; };
		7B40060524D2C90E008FF91C /* ViewModifiers.swift in Sources */ = {isa = PBXBuildFile; fileRef = 7B40060424D2C90E008FF91C /* ViewModifiers.swift */; };
		7B40060724D2CADA008FF91C /* ImageCover.swift in Sources */ = {isa = PBXBuildFile; fileRef = 7B40060624D2CADA008FF91C /* ImageCover.swift */; };
		7B40060924D2CB11008FF91C /* TextSubtitle.swift in Sources */ = {isa = PBXBuildFile; fileRef = 7B40060824D2CB11008FF91C /* TextSubtitle.swift */; };
		7B40060B24D2CB46008FF91C /* FeedList.swift in Sources */ = {isa = PBXBuildFile; fileRef = 7B40060A24D2CB46008FF91C /* FeedList.swift */; };
		7B40060D24D2CBC5008FF91C /* FeedListItem.swift in Sources */ = {isa = PBXBuildFile; fileRef = 7B40060C24D2CBC5008FF91C /* FeedListItem.swift */; };
		7B78548624CE003E0033B936 /* ServerSideDrivenSwiftUIApp.swift in Sources */ = {isa = PBXBuildFile; fileRef = 7B78548524CE003E0033B936 /* ServerSideDrivenSwiftUIApp.swift */; };
		7B78548A24CE00440033B936 /* Assets.xcassets in Resources */ = {isa = PBXBuildFile; fileRef = 7B78548924CE00440033B936 /* Assets.xcassets */; };
		7B78548D24CE00440033B936 /* Preview Assets.xcassets in Resources */ = {isa = PBXBuildFile; fileRef = 7B78548C24CE00440033B936 /* Preview Assets.xcassets */; };
		7B78549824CE00440033B936 /* ServerSideDrivenSwiftUITests.swift in Sources */ = {isa = PBXBuildFile; fileRef = 7B78549724CE00440033B936 /* ServerSideDrivenSwiftUITests.swift */; };
		7B7854A324CE00440033B936 /* ServerSideDrivenSwiftUIUITests.swift in Sources */ = {isa = PBXBuildFile; fileRef = 7B7854A224CE00440033B936 /* ServerSideDrivenSwiftUIUITests.swift */; };
		7B7854B324CE00770033B936 /* GenericAPI.swift in Sources */ = {isa = PBXBuildFile; fileRef = 7B7854B224CE00770033B936 /* GenericAPI.swift */; };
		7B7854B524CE02260033B936 /* APIError.swift in Sources */ = {isa = PBXBuildFile; fileRef = 7B7854B424CE02260033B936 /* APIError.swift */; };
		7B7854B724CE02440033B936 /* HomeView.swift in Sources */ = {isa = PBXBuildFile; fileRef = 7B7854B624CE02440033B936 /* HomeView.swift */; };
		7B7854BA24CE02BD0033B936 /* UIType.swift in Sources */ = {isa = PBXBuildFile; fileRef = 7B7854B924CE02BD0033B936 /* UIType.swift */; };
		7B7854BD24CE03630033B936 /* HomeFeedProvider.swift in Sources */ = {isa = PBXBuildFile; fileRef = 7B7854BC24CE03630033B936 /* HomeFeedProvider.swift */; };
		7B7854BF24CF9B530033B936 /* BaseView.swift in Sources */ = {isa = PBXBuildFile; fileRef = 7B7854BE24CF9B520033B936 /* BaseView.swift */; };
		7B7854C124CF9EB00033B936 /* DetailView.swift in Sources */ = {isa = PBXBuildFile; fileRef = 7B7854C024CF9EB00033B936 /* DetailView.swift */; };
/* End PBXBuildFile section */

/* Begin PBXContainerItemProxy section */
		7B78549424CE00440033B936 /* PBXContainerItemProxy */ = {
			isa = PBXContainerItemProxy;
			containerPortal = 7B78547A24CE003E0033B936 /* Project object */;
			proxyType = 1;
			remoteGlobalIDString = 7B78548124CE003E0033B936;
			remoteInfo = ServerSideDrivenSwiftUI;
		};
		7B78549F24CE00440033B936 /* PBXContainerItemProxy */ = {
			isa = PBXContainerItemProxy;
			containerPortal = 7B78547A24CE003E0033B936 /* Project object */;
			proxyType = 1;
			remoteGlobalIDString = 7B78548124CE003E0033B936;
			remoteInfo = ServerSideDrivenSwiftUI;
		};
/* End PBXContainerItemProxy section */

/* Begin PBXFileReference section */
		7B4005F924D24714008FF91C /* JSONMock.swift */ = {isa = PBXFileReference; lastKnownFileType = sourcecode.swift; path = JSONMock.swift; sourceTree = "<group>"; };
		7B4005FB24D24817008FF91C /* UIClient.swift */ = {isa = PBXFileReference; lastKnownFileType = sourcecode.swift; path = UIClient.swift; sourceTree = "<group>"; };
		7B4005FE24D2483B008FF91C /* Protocols.swift */ = {isa = PBXFileReference; lastKnownFileType = sourcecode.swift; path = Protocols.swift; sourceTree = "<group>"; };
		7B40060224D24CE7008FF91C /* View+Extensions.swift */ = {isa = PBXFileReference; lastKnownFileType = sourcecode.swift; path = "View+Extensions.swift"; sourceTree = "<group>"; };
		7B40060424D2C90E008FF91C /* ViewModifiers.swift */ = {isa = PBXFileReference; lastKnownFileType = sourcecode.swift; path = ViewModifiers.swift; sourceTree = "<group>"; };
		7B40060624D2CADA008FF91C /* ImageCover.swift */ = {isa = PBXFileReference; lastKnownFileType = sourcecode.swift; path = ImageCover.swift; sourceTree = "<group>"; };
		7B40060824D2CB11008FF91C /* TextSubtitle.swift */ = {isa = PBXFileReference; lastKnownFileType = sourcecode.swift; path = TextSubtitle.swift; sourceTree = "<group>"; };
		7B40060A24D2CB46008FF91C /* FeedList.swift */ = {isa = PBXFileReference; lastKnownFileType = sourcecode.swift; path = FeedList.swift; sourceTree = "<group>"; };
		7B40060C24D2CBC5008FF91C /* FeedListItem.swift */ = {isa = PBXFileReference; lastKnownFileType = sourcecode.swift; path = FeedListItem.swift; sourceTree = "<group>"; };
		7B78548224CE003E0033B936 /* ServerSideDrivenSwiftUI.app */ = {isa = PBXFileReference; explicitFileType = wrapper.application; includeInIndex = 0; path = ServerSideDrivenSwiftUI.app; sourceTree = BUILT_PRODUCTS_DIR; };
		7B78548524CE003E0033B936 /* ServerSideDrivenSwiftUIApp.swift */ = {isa = PBXFileReference; lastKnownFileType = sourcecode.swift; path = ServerSideDrivenSwiftUIApp.swift; sourceTree = "<group>"; };
		7B78548924CE00440033B936 /* Assets.xcassets */ = {isa = PBXFileReference; lastKnownFileType = folder.assetcatalog; path = Assets.xcassets; sourceTree = "<group>"; };
		7B78548C24CE00440033B936 /* Preview Assets.xcassets */ = {isa = PBXFileReference; lastKnownFileType = folder.assetcatalog; path = "Preview Assets.xcassets"; sourceTree = "<group>"; };
		7B78548E24CE00440033B936 /* Info.plist */ = {isa = PBXFileReference; lastKnownFileType = text.plist.xml; path = Info.plist; sourceTree = "<group>"; };
		7B78549324CE00440033B936 /* ServerSideDrivenSwiftUITests.xctest */ = {isa = PBXFileReference; explicitFileType = wrapper.cfbundle; includeInIndex = 0; path = ServerSideDrivenSwiftUITests.xctest; sourceTree = BUILT_PRODUCTS_DIR; };
		7B78549724CE00440033B936 /* ServerSideDrivenSwiftUITests.swift */ = {isa = PBXFileReference; lastKnownFileType = sourcecode.swift; path = ServerSideDrivenSwiftUITests.swift; sourceTree = "<group>"; };
		7B78549924CE00440033B936 /* Info.plist */ = {isa = PBXFileReference; lastKnownFileType = text.plist.xml; path = Info.plist; sourceTree = "<group>"; };
		7B78549E24CE00440033B936 /* ServerSideDrivenSwiftUIUITests.xctest */ = {isa = PBXFileReference; explicitFileType = wrapper.cfbundle; includeInIndex = 0; path = ServerSideDrivenSwiftUIUITests.xctest; sourceTree = BUILT_PRODUCTS_DIR; };
		7B7854A224CE00440033B936 /* ServerSideDrivenSwiftUIUITests.swift */ = {isa = PBXFileReference; lastKnownFileType = sourcecode.swift; path = ServerSideDrivenSwiftUIUITests.swift; sourceTree = "<group>"; };
		7B7854A424CE00440033B936 /* Info.plist */ = {isa = PBXFileReference; lastKnownFileType = text.plist.xml; path = Info.plist; sourceTree = "<group>"; };
		7B7854B224CE00770033B936 /* GenericAPI.swift */ = {isa = PBXFileReference; lastKnownFileType = sourcecode.swift; path = GenericAPI.swift; sourceTree = "<group>"; };
		7B7854B424CE02260033B936 /* APIError.swift */ = {isa = PBXFileReference; lastKnownFileType = sourcecode.swift; path = APIError.swift; sourceTree = "<group>"; };
		7B7854B624CE02440033B936 /* HomeView.swift */ = {isa = PBXFileReference; lastKnownFileType = sourcecode.swift; path = HomeView.swift; sourceTree = "<group>"; };
		7B7854B924CE02BD0033B936 /* UIType.swift */ = {isa = PBXFileReference; lastKnownFileType = sourcecode.swift; path = UIType.swift; sourceTree = "<group>"; };
		7B7854BC24CE03630033B936 /* HomeFeedProvider.swift */ = {isa = PBXFileReference; lastKnownFileType = sourcecode.swift; path = HomeFeedProvider.swift; sourceTree = "<group>"; };
		7B7854BE24CF9B520033B936 /* BaseView.swift */ = {isa = PBXFileReference; lastKnownFileType = sourcecode.swift; path = BaseView.swift; sourceTree = "<group>"; };
		7B7854C024CF9EB00033B936 /* DetailView.swift */ = {isa = PBXFileReference; lastKnownFileType = sourcecode.swift; path = DetailView.swift; sourceTree = "<group>"; };
/* End PBXFileReference section */

/* Begin PBXFrameworksBuildPhase section */
		7B78547F24CE003E0033B936 /* Frameworks */ = {
			isa = PBXFrameworksBuildPhase;
			buildActionMask = 2147483647;
			files = (
			);
			runOnlyForDeploymentPostprocessing = 0;
		};
		7B78549024CE00440033B936 /* Frameworks */ = {
			isa = PBXFrameworksBuildPhase;
			buildActionMask = 2147483647;
			files = (
			);
			runOnlyForDeploymentPostprocessing = 0;
		};
		7B78549B24CE00440033B936 /* Frameworks */ = {
			isa = PBXFrameworksBuildPhase;
			buildActionMask = 2147483647;
			files = (
			);
			runOnlyForDeploymentPostprocessing = 0;
		};
/* End PBXFrameworksBuildPhase section */

/* Begin PBXGroup section */
		7B4005F724D235AC008FF91C /* App */ = {
			isa = PBXGroup;
			children = (
				7B78548524CE003E0033B936 /* ServerSideDrivenSwiftUIApp.swift */,
			);
			path = App;
			sourceTree = "<group>";
		};
		7B4005F824D24703008FF91C /* JSONMock */ = {
			isa = PBXGroup;
			children = (
				7B4005F924D24714008FF91C /* JSONMock.swift */,
			);
			path = JSONMock;
			sourceTree = "<group>";
		};
		7B4005FD24D2482E008FF91C /* Protocols */ = {
			isa = PBXGroup;
			children = (
				7B4005FE24D2483B008FF91C /* Protocols.swift */,
			);
			path = Protocols;
			sourceTree = "<group>";
		};
		7B40060024D24C5D008FF91C /* ViewModifiers */ = {
			isa = PBXGroup;
			children = (
				7B40060424D2C90E008FF91C /* ViewModifiers.swift */,
			);
			path = ViewModifiers;
			sourceTree = "<group>";
		};
		7B40060124D24CCD008FF91C /* Utils */ = {
			isa = PBXGroup;
			children = (
				7B40060224D24CE7008FF91C /* View+Extensions.swift */,
			);
			path = Utils;
			sourceTree = "<group>";
		};
		7B40060E24D2CC58008FF91C /* BaseViews */ = {
			isa = PBXGroup;
			children = (
			);
			path = BaseViews;
			sourceTree = "<group>";
		};
		7B40060F24D2CC67008FF91C /* CustomViews */ = {
			isa = PBXGroup;
			children = (
			);
			path = CustomViews;
			sourceTree = "<group>";
		};
		7B78547924CE003E0033B936 = {
			isa = PBXGroup;
			children = (
				7B78548424CE003E0033B936 /* ServerSideDrivenSwiftUI */,
				7B78549624CE00440033B936 /* ServerSideDrivenSwiftUITests */,
				7B7854A124CE00440033B936 /* ServerSideDrivenSwiftUIUITests */,
				7B78548324CE003E0033B936 /* Products */,
			);
			sourceTree = "<group>";
		};
		7B78548324CE003E0033B936 /* Products */ = {
			isa = PBXGroup;
			children = (
				7B78548224CE003E0033B936 /* ServerSideDrivenSwiftUI.app */,
				7B78549324CE00440033B936 /* ServerSideDrivenSwiftUITests.xctest */,
				7B78549E24CE00440033B936 /* ServerSideDrivenSwiftUIUITests.xctest */,
			);
			name = Products;
			sourceTree = "<group>";
		};
		7B78548424CE003E0033B936 /* ServerSideDrivenSwiftUI */ = {
			isa = PBXGroup;
			children = (
				7B4005F824D24703008FF91C /* JSONMock */,
				7B4005F724D235AC008FF91C /* App */,
				7B7854BB24CE03500033B936 /* Providers */,
				7B7854B124CE00690033B936 /* Networking */,
				7B7854B024CE00620033B936 /* Views */,
				7B7854B824CE02AF0033B936 /* ViewModels */,
				7B40060024D24C5D008FF91C /* ViewModifiers */,
				7B4005FD24D2482E008FF91C /* Protocols */,
				7B40060124D24CCD008FF91C /* Utils */,
				7B78548924CE00440033B936 /* Assets.xcassets */,
				7B78548E24CE00440033B936 /* Info.plist */,
				7B78548B24CE00440033B936 /* Preview Content */,
			);
			path = ServerSideDrivenSwiftUI;
			sourceTree = "<group>";
		};
		7B78548B24CE00440033B936 /* Preview Content */ = {
			isa = PBXGroup;
			children = (
				7B78548C24CE00440033B936 /* Preview Assets.xcassets */,
			);
			path = "Preview Content";
			sourceTree = "<group>";
		};
		7B78549624CE00440033B936 /* ServerSideDrivenSwiftUITests */ = {
			isa = PBXGroup;
			children = (
				7B78549724CE00440033B936 /* ServerSideDrivenSwiftUITests.swift */,
				7B78549924CE00440033B936 /* Info.plist */,
			);
			path = ServerSideDrivenSwiftUITests;
			sourceTree = "<group>";
		};
		7B7854A124CE00440033B936 /* ServerSideDrivenSwiftUIUITests */ = {
			isa = PBXGroup;
			children = (
				7B7854A224CE00440033B936 /* ServerSideDrivenSwiftUIUITests.swift */,
				7B7854A424CE00440033B936 /* Info.plist */,
			);
			path = ServerSideDrivenSwiftUIUITests;
			sourceTree = "<group>";
		};
		7B7854B024CE00620033B936 /* Views */ = {
			isa = PBXGroup;
			children = (
				7B40060F24D2CC67008FF91C /* CustomViews */,
				7B40060E24D2CC58008FF91C /* BaseViews */,
				7B7854B624CE02440033B936 /* HomeView.swift */,
				7B7854BE24CF9B520033B936 /* BaseView.swift */,
				7B7854C024CF9EB00033B936 /* DetailView.swift */,
				7B40060A24D2CB46008FF91C /* FeedList.swift */,
				7B40060624D2CADA008FF91C /* ImageCover.swift */,
				7B40060824D2CB11008FF91C /* TextSubtitle.swift */,
				7B40060C24D2CBC5008FF91C /* FeedListItem.swift */,
			);
			path = Views;
			sourceTree = "<group>";
		};
		7B7854B124CE00690033B936 /* Networking */ = {
			isa = PBXGroup;
			children = (
				7B7854B224CE00770033B936 /* GenericAPI.swift */,
				7B7854B424CE02260033B936 /* APIError.swift */,
				7B4005FB24D24817008FF91C /* UIClient.swift */,
			);
			path = Networking;
			sourceTree = "<group>";
		};
		7B7854B824CE02AF0033B936 /* ViewModels */ = {
			isa = PBXGroup;
			children = (
				7B7854B924CE02BD0033B936 /* UIType.swift */,
			);
			path = ViewModels;
			sourceTree = "<group>";
		};
		7B7854BB24CE03500033B936 /* Providers */ = {
			isa = PBXGroup;
			children = (
				7B7854BC24CE03630033B936 /* HomeFeedProvider.swift */,
			);
			path = Providers;
			sourceTree = "<group>";
		};
/* End PBXGroup section */

/* Begin PBXNativeTarget section */
		7B78548124CE003E0033B936 /* ServerSideDrivenSwiftUI */ = {
			isa = PBXNativeTarget;
			buildConfigurationList = 7B7854A724CE00440033B936 /* Build configuration list for PBXNativeTarget "ServerSideDrivenSwiftUI" */;
			buildPhases = (
				7B78547E24CE003E0033B936 /* Sources */,
				7B78547F24CE003E0033B936 /* Frameworks */,
				7B78548024CE003E0033B936 /* Resources */,
			);
			buildRules = (
			);
			dependencies = (
			);
			name = ServerSideDrivenSwiftUI;
			productName = ServerSideDrivenSwiftUI;
			productReference = 7B78548224CE003E0033B936 /* ServerSideDrivenSwiftUI.app */;
			productType = "com.apple.product-type.application";
		};
		7B78549224CE00440033B936 /* ServerSideDrivenSwiftUITests */ = {
			isa = PBXNativeTarget;
			buildConfigurationList = 7B7854AA24CE00440033B936 /* Build configuration list for PBXNativeTarget "ServerSideDrivenSwiftUITests" */;
			buildPhases = (
				7B78548F24CE00440033B936 /* Sources */,
				7B78549024CE00440033B936 /* Frameworks */,
				7B78549124CE00440033B936 /* Resources */,
			);
			buildRules = (
			);
			dependencies = (
				7B78549524CE00440033B936 /* PBXTargetDependency */,
			);
			name = ServerSideDrivenSwiftUITests;
			productName = ServerSideDrivenSwiftUITests;
			productReference = 7B78549324CE00440033B936 /* ServerSideDrivenSwiftUITests.xctest */;
			productType = "com.apple.product-type.bundle.unit-test";
		};
		7B78549D24CE00440033B936 /* ServerSideDrivenSwiftUIUITests */ = {
			isa = PBXNativeTarget;
			buildConfigurationList = 7B7854AD24CE00440033B936 /* Build configuration list for PBXNativeTarget "ServerSideDrivenSwiftUIUITests" */;
			buildPhases = (
				7B78549A24CE00440033B936 /* Sources */,
				7B78549B24CE00440033B936 /* Frameworks */,
				7B78549C24CE00440033B936 /* Resources */,
			);
			buildRules = (
			);
			dependencies = (
				7B7854A024CE00440033B936 /* PBXTargetDependency */,
			);
			name = ServerSideDrivenSwiftUIUITests;
			productName = ServerSideDrivenSwiftUIUITests;
			productReference = 7B78549E24CE00440033B936 /* ServerSideDrivenSwiftUIUITests.xctest */;
			productType = "com.apple.product-type.bundle.ui-testing";
		};
/* End PBXNativeTarget section */

/* Begin PBXProject section */
		7B78547A24CE003E0033B936 /* Project object */ = {
			isa = PBXProject;
			attributes = {
				LastSwiftUpdateCheck = 1200;
				LastUpgradeCheck = 1200;
				TargetAttributes = {
					7B78548124CE003E0033B936 = {
						CreatedOnToolsVersion = 12.0;
					};
					7B78549224CE00440033B936 = {
						CreatedOnToolsVersion = 12.0;
						TestTargetID = 7B78548124CE003E0033B936;
					};
					7B78549D24CE00440033B936 = {
						CreatedOnToolsVersion = 12.0;
						TestTargetID = 7B78548124CE003E0033B936;
					};
				};
			};
			buildConfigurationList = 7B78547D24CE003E0033B936 /* Build configuration list for PBXProject "ServerSideDrivenSwiftUI" */;
			compatibilityVersion = "Xcode 9.3";
			developmentRegion = en;
			hasScannedForEncodings = 0;
			knownRegions = (
				en,
				Base,
			);
			mainGroup = 7B78547924CE003E0033B936;
			productRefGroup = 7B78548324CE003E0033B936 /* Products */;
			projectDirPath = "";
			projectRoot = "";
			targets = (
				7B78548124CE003E0033B936 /* ServerSideDrivenSwiftUI */,
				7B78549224CE00440033B936 /* ServerSideDrivenSwiftUITests */,
				7B78549D24CE00440033B936 /* ServerSideDrivenSwiftUIUITests */,
			);
		};
/* End PBXProject section */

/* Begin PBXResourcesBuildPhase section */
		7B78548024CE003E0033B936 /* Resources */ = {
			isa = PBXResourcesBuildPhase;
			buildActionMask = 2147483647;
			files = (
				7B78548D24CE00440033B936 /* Preview Assets.xcassets in Resources */,
				7B78548A24CE00440033B936 /* Assets.xcassets in Resources */,
			);
			runOnlyForDeploymentPostprocessing = 0;
		};
		7B78549124CE00440033B936 /* Resources */ = {
			isa = PBXResourcesBuildPhase;
			buildActionMask = 2147483647;
			files = (
			);
			runOnlyForDeploymentPostprocessing = 0;
		};
		7B78549C24CE00440033B936 /* Resources */ = {
			isa = PBXResourcesBuildPhase;
			buildActionMask = 2147483647;
			files = (
			);
			runOnlyForDeploymentPostprocessing = 0;
		};
/* End PBXResourcesBuildPhase section */

/* Begin PBXSourcesBuildPhase section */
		7B78547E24CE003E0033B936 /* Sources */ = {
			isa = PBXSourcesBuildPhase;
			buildActionMask = 2147483647;
			files = (
				7B7854C124CF9EB00033B936 /* DetailView.swift in Sources */,
				7B7854BA24CE02BD0033B936 /* UIType.swift in Sources */,
				7B4005FA24D24714008FF91C /* JSONMock.swift in Sources */,
				7B4005FF24D2483B008FF91C /* Protocols.swift in Sources */,
				7B7854BD24CE03630033B936 /* HomeFeedProvider.swift in Sources */,
				7B7854B524CE02260033B936 /* APIError.swift in Sources */,
				7B78548624CE003E0033B936 /* ServerSideDrivenSwiftUIApp.swift in Sources */,
				7B7854B724CE02440033B936 /* HomeView.swift in Sources */,
				7B7854B324CE00770033B936 /* GenericAPI.swift in Sources */,
				7B40060B24D2CB46008FF91C /* FeedList.swift in Sources */,
				7B4005FC24D24817008FF91C /* UIClient.swift in Sources */,
				7B40060924D2CB11008FF91C /* TextSubtitle.swift in Sources */,
				7B40060524D2C90E008FF91C /* ViewModifiers.swift in Sources */,
				7B40060724D2CADA008FF91C /* ImageCover.swift in Sources */,
				7B40060D24D2CBC5008FF91C /* FeedListItem.swift in Sources */,
				7B40060324D24CE7008FF91C /* View+Extensions.swift in Sources */,
				7B7854BF24CF9B530033B936 /* BaseView.swift in Sources */,
			);
			runOnlyForDeploymentPostprocessing = 0;
		};
		7B78548F24CE00440033B936 /* Sources */ = {
			isa = PBXSourcesBuildPhase;
			buildActionMask = 2147483647;
			files = (
				7B78549824CE00440033B936 /* ServerSideDrivenSwiftUITests.swift in Sources */,
			);
			runOnlyForDeploymentPostprocessing = 0;
		};
		7B78549A24CE00440033B936 /* Sources */ = {
			isa = PBXSourcesBuildPhase;
			buildActionMask = 2147483647;
			files = (
				7B7854A324CE00440033B936 /* ServerSideDrivenSwiftUIUITests.swift in Sources */,
			);
			runOnlyForDeploymentPostprocessing = 0;
		};
/* End PBXSourcesBuildPhase section */

/* Begin PBXTargetDependency section */
		7B78549524CE00440033B936 /* PBXTargetDependency */ = {
			isa = PBXTargetDependency;
			target = 7B78548124CE003E0033B936 /* ServerSideDrivenSwiftUI */;
			targetProxy = 7B78549424CE00440033B936 /* PBXContainerItemProxy */;
		};
		7B7854A024CE00440033B936 /* PBXTargetDependency */ = {
			isa = PBXTargetDependency;
			target = 7B78548124CE003E0033B936 /* ServerSideDrivenSwiftUI */;
			targetProxy = 7B78549F24CE00440033B936 /* PBXContainerItemProxy */;
		};
/* End PBXTargetDependency section */

/* Begin XCBuildConfiguration section */
		7B7854A524CE00440033B936 /* Debug */ = {
			isa = XCBuildConfiguration;
			buildSettings = {
				ALWAYS_SEARCH_USER_PATHS = NO;
				CLANG_ANALYZER_NONNULL = YES;
				CLANG_ANALYZER_NUMBER_OBJECT_CONVERSION = YES_AGGRESSIVE;
				CLANG_CXX_LANGUAGE_STANDARD = "gnu++14";
				CLANG_CXX_LIBRARY = "libc++";
				CLANG_ENABLE_MODULES = YES;
				CLANG_ENABLE_OBJC_ARC = YES;
				CLANG_ENABLE_OBJC_WEAK = YES;
				CLANG_WARN_BLOCK_CAPTURE_AUTORELEASING = YES;
				CLANG_WARN_BOOL_CONVERSION = YES;
				CLANG_WARN_COMMA = YES;
				CLANG_WARN_CONSTANT_CONVERSION = YES;
				CLANG_WARN_DEPRECATED_OBJC_IMPLEMENTATIONS = YES;
				CLANG_WARN_DIRECT_OBJC_ISA_USAGE = YES_ERROR;
				CLANG_WARN_DOCUMENTATION_COMMENTS = YES;
				CLANG_WARN_EMPTY_BODY = YES;
				CLANG_WARN_ENUM_CONVERSION = YES;
				CLANG_WARN_INFINITE_RECURSION = YES;
				CLANG_WARN_INT_CONVERSION = YES;
				CLANG_WARN_NON_LITERAL_NULL_CONVERSION = YES;
				CLANG_WARN_OBJC_IMPLICIT_RETAIN_SELF = YES;
				CLANG_WARN_OBJC_LITERAL_CONVERSION = YES;
				CLANG_WARN_OBJC_ROOT_CLASS = YES_ERROR;
				CLANG_WARN_QUOTED_INCLUDE_IN_FRAMEWORK_HEADER = YES;
				CLANG_WARN_RANGE_LOOP_ANALYSIS = YES;
				CLANG_WARN_STRICT_PROTOTYPES = YES;
				CLANG_WARN_SUSPICIOUS_MOVE = YES;
				CLANG_WARN_UNGUARDED_AVAILABILITY = YES_AGGRESSIVE;
				CLANG_WARN_UNREACHABLE_CODE = YES;
				CLANG_WARN__DUPLICATE_METHOD_MATCH = YES;
				COPY_PHASE_STRIP = NO;
				DEBUG_INFORMATION_FORMAT = dwarf;
				ENABLE_STRICT_OBJC_MSGSEND = YES;
				ENABLE_TESTABILITY = YES;
				GCC_C_LANGUAGE_STANDARD = gnu11;
				GCC_DYNAMIC_NO_PIC = NO;
				GCC_NO_COMMON_BLOCKS = YES;
				GCC_OPTIMIZATION_LEVEL = 0;
				GCC_PREPROCESSOR_DEFINITIONS = (
					"DEBUG=1",
					"$(inherited)",
				);
				GCC_WARN_64_TO_32_BIT_CONVERSION = YES;
				GCC_WARN_ABOUT_RETURN_TYPE = YES_ERROR;
				GCC_WARN_UNDECLARED_SELECTOR = YES;
				GCC_WARN_UNINITIALIZED_AUTOS = YES_AGGRESSIVE;
				GCC_WARN_UNUSED_FUNCTION = YES;
				GCC_WARN_UNUSED_VARIABLE = YES;
				IPHONEOS_DEPLOYMENT_TARGET = 14.0;
				MTL_ENABLE_DEBUG_INFO = INCLUDE_SOURCE;
				MTL_FAST_MATH = YES;
				ONLY_ACTIVE_ARCH = YES;
				SDKROOT = iphoneos;
				SWIFT_ACTIVE_COMPILATION_CONDITIONS = DEBUG;
				SWIFT_OPTIMIZATION_LEVEL = "-Onone";
			};
			name = Debug;
		};
		7B7854A624CE00440033B936 /* Release */ = {
			isa = XCBuildConfiguration;
			buildSettings = {
				ALWAYS_SEARCH_USER_PATHS = NO;
				CLANG_ANALYZER_NONNULL = YES;
				CLANG_ANALYZER_NUMBER_OBJECT_CONVERSION = YES_AGGRESSIVE;
				CLANG_CXX_LANGUAGE_STANDARD = "gnu++14";
				CLANG_CXX_LIBRARY = "libc++";
				CLANG_ENABLE_MODULES = YES;
				CLANG_ENABLE_OBJC_ARC = YES;
				CLANG_ENABLE_OBJC_WEAK = YES;
				CLANG_WARN_BLOCK_CAPTURE_AUTORELEASING = YES;
				CLANG_WARN_BOOL_CONVERSION = YES;
				CLANG_WARN_COMMA = YES;
				CLANG_WARN_CONSTANT_CONVERSION = YES;
				CLANG_WARN_DEPRECATED_OBJC_IMPLEMENTATIONS = YES;
				CLANG_WARN_DIRECT_OBJC_ISA_USAGE = YES_ERROR;
				CLANG_WARN_DOCUMENTATION_COMMENTS = YES;
				CLANG_WARN_EMPTY_BODY = YES;
				CLANG_WARN_ENUM_CONVERSION = YES;
				CLANG_WARN_INFINITE_RECURSION = YES;
				CLANG_WARN_INT_CONVERSION = YES;
				CLANG_WARN_NON_LITERAL_NULL_CONVERSION = YES;
				CLANG_WARN_OBJC_IMPLICIT_RETAIN_SELF = YES;
				CLANG_WARN_OBJC_LITERAL_CONVERSION = YES;
				CLANG_WARN_OBJC_ROOT_CLASS = YES_ERROR;
				CLANG_WARN_QUOTED_INCLUDE_IN_FRAMEWORK_HEADER = YES;
				CLANG_WARN_RANGE_LOOP_ANALYSIS = YES;
				CLANG_WARN_STRICT_PROTOTYPES = YES;
				CLANG_WARN_SUSPICIOUS_MOVE = YES;
				CLANG_WARN_UNGUARDED_AVAILABILITY = YES_AGGRESSIVE;
				CLANG_WARN_UNREACHABLE_CODE = YES;
				CLANG_WARN__DUPLICATE_METHOD_MATCH = YES;
				COPY_PHASE_STRIP = NO;
				DEBUG_INFORMATION_FORMAT = "dwarf-with-dsym";
				ENABLE_NS_ASSERTIONS = NO;
				ENABLE_STRICT_OBJC_MSGSEND = YES;
				GCC_C_LANGUAGE_STANDARD = gnu11;
				GCC_NO_COMMON_BLOCKS = YES;
				GCC_WARN_64_TO_32_BIT_CONVERSION = YES;
				GCC_WARN_ABOUT_RETURN_TYPE = YES_ERROR;
				GCC_WARN_UNDECLARED_SELECTOR = YES;
				GCC_WARN_UNINITIALIZED_AUTOS = YES_AGGRESSIVE;
				GCC_WARN_UNUSED_FUNCTION = YES;
				GCC_WARN_UNUSED_VARIABLE = YES;
				IPHONEOS_DEPLOYMENT_TARGET = 14.0;
				MTL_ENABLE_DEBUG_INFO = NO;
				MTL_FAST_MATH = YES;
				SDKROOT = iphoneos;
				SWIFT_COMPILATION_MODE = wholemodule;
				SWIFT_OPTIMIZATION_LEVEL = "-O";
				VALIDATE_PRODUCT = YES;
			};
			name = Release;
		};
		7B7854A824CE00440033B936 /* Debug */ = {
			isa = XCBuildConfiguration;
			buildSettings = {
				ASSETCATALOG_COMPILER_APPICON_NAME = AppIcon;
				ASSETCATALOG_COMPILER_GLOBAL_ACCENT_COLOR_NAME = AccentColor;
				CODE_SIGN_STYLE = Automatic;
				DEVELOPMENT_ASSET_PATHS = "\"ServerSideDrivenSwiftUI/Preview Content\"";
				DEVELOPMENT_TEAM = CQ45U4X9K3;
				ENABLE_PREVIEWS = YES;
				INFOPLIST_FILE = ServerSideDrivenSwiftUI/Info.plist;
				IPHONEOS_DEPLOYMENT_TARGET = 14.0;
				LD_RUNPATH_SEARCH_PATHS = (
					"$(inherited)",
					"@executable_path/Frameworks",
				);
				PRODUCT_BUNDLE_IDENTIFIER = rochabrun.ServerSideDrivenSwiftUI;
				PRODUCT_NAME = "$(TARGET_NAME)";
				SWIFT_VERSION = 5.0;
				TARGETED_DEVICE_FAMILY = "1,2";
			};
			name = Debug;
		};
		7B7854A924CE00440033B936 /* Release */ = {
			isa = XCBuildConfiguration;
			buildSettings = {
				ASSETCATALOG_COMPILER_APPICON_NAME = AppIcon;
				ASSETCATALOG_COMPILER_GLOBAL_ACCENT_COLOR_NAME = AccentColor;
				CODE_SIGN_STYLE = Automatic;
				DEVELOPMENT_ASSET_PATHS = "\"ServerSideDrivenSwiftUI/Preview Content\"";
				DEVELOPMENT_TEAM = CQ45U4X9K3;
				ENABLE_PREVIEWS = YES;
				INFOPLIST_FILE = ServerSideDrivenSwiftUI/Info.plist;
				IPHONEOS_DEPLOYMENT_TARGET = 14.0;
				LD_RUNPATH_SEARCH_PATHS = (
					"$(inherited)",
					"@executable_path/Frameworks",
				);
				PRODUCT_BUNDLE_IDENTIFIER = rochabrun.ServerSideDrivenSwiftUI;
				PRODUCT_NAME = "$(TARGET_NAME)";
				SWIFT_VERSION = 5.0;
				TARGETED_DEVICE_FAMILY = "1,2";
			};
			name = Release;
		};
		7B7854AB24CE00440033B936 /* Debug */ = {
			isa = XCBuildConfiguration;
			buildSettings = {
				ALWAYS_EMBED_SWIFT_STANDARD_LIBRARIES = YES;
				BUNDLE_LOADER = "$(TEST_HOST)";
				CODE_SIGN_STYLE = Automatic;
				DEVELOPMENT_TEAM = CQ45U4X9K3;
				INFOPLIST_FILE = ServerSideDrivenSwiftUITests/Info.plist;
				IPHONEOS_DEPLOYMENT_TARGET = 14.0;
				LD_RUNPATH_SEARCH_PATHS = (
					"$(inherited)",
					"@executable_path/Frameworks",
					"@loader_path/Frameworks",
				);
				PRODUCT_BUNDLE_IDENTIFIER = rochabrun.ServerSideDrivenSwiftUITests;
				PRODUCT_NAME = "$(TARGET_NAME)";
				SWIFT_VERSION = 5.0;
				TARGETED_DEVICE_FAMILY = "1,2";
				TEST_HOST = "$(BUILT_PRODUCTS_DIR)/ServerSideDrivenSwiftUI.app/ServerSideDrivenSwiftUI";
			};
			name = Debug;
		};
		7B7854AC24CE00440033B936 /* Release */ = {
			isa = XCBuildConfiguration;
			buildSettings = {
				ALWAYS_EMBED_SWIFT_STANDARD_LIBRARIES = YES;
				BUNDLE_LOADER = "$(TEST_HOST)";
				CODE_SIGN_STYLE = Automatic;
				DEVELOPMENT_TEAM = CQ45U4X9K3;
				INFOPLIST_FILE = ServerSideDrivenSwiftUITests/Info.plist;
				IPHONEOS_DEPLOYMENT_TARGET = 14.0;
				LD_RUNPATH_SEARCH_PATHS = (
					"$(inherited)",
					"@executable_path/Frameworks",
					"@loader_path/Frameworks",
				);
				PRODUCT_BUNDLE_IDENTIFIER = rochabrun.ServerSideDrivenSwiftUITests;
				PRODUCT_NAME = "$(TARGET_NAME)";
				SWIFT_VERSION = 5.0;
				TARGETED_DEVICE_FAMILY = "1,2";
				TEST_HOST = "$(BUILT_PRODUCTS_DIR)/ServerSideDrivenSwiftUI.app/ServerSideDrivenSwiftUI";
			};
			name = Release;
		};
		7B7854AE24CE00440033B936 /* Debug */ = {
			isa = XCBuildConfiguration;
			buildSettings = {
				ALWAYS_EMBED_SWIFT_STANDARD_LIBRARIES = YES;
				CODE_SIGN_STYLE = Automatic;
				DEVELOPMENT_TEAM = CQ45U4X9K3;
				INFOPLIST_FILE = ServerSideDrivenSwiftUIUITests/Info.plist;
				LD_RUNPATH_SEARCH_PATHS = (
					"$(inherited)",
					"@executable_path/Frameworks",
					"@loader_path/Frameworks",
				);
				PRODUCT_BUNDLE_IDENTIFIER = rochabrun.ServerSideDrivenSwiftUIUITests;
				PRODUCT_NAME = "$(TARGET_NAME)";
				SWIFT_VERSION = 5.0;
				TARGETED_DEVICE_FAMILY = "1,2";
				TEST_TARGET_NAME = ServerSideDrivenSwiftUI;
			};
			name = Debug;
		};
		7B7854AF24CE00440033B936 /* Release */ = {
			isa = XCBuildConfiguration;
			buildSettings = {
				ALWAYS_EMBED_SWIFT_STANDARD_LIBRARIES = YES;
				CODE_SIGN_STYLE = Automatic;
				DEVELOPMENT_TEAM = CQ45U4X9K3;
				INFOPLIST_FILE = ServerSideDrivenSwiftUIUITests/Info.plist;
				LD_RUNPATH_SEARCH_PATHS = (
					"$(inherited)",
					"@executable_path/Frameworks",
					"@loader_path/Frameworks",
				);
				PRODUCT_BUNDLE_IDENTIFIER = rochabrun.ServerSideDrivenSwiftUIUITests;
				PRODUCT_NAME = "$(TARGET_NAME)";
				SWIFT_VERSION = 5.0;
				TARGETED_DEVICE_FAMILY = "1,2";
				TEST_TARGET_NAME = ServerSideDrivenSwiftUI;
			};
			name = Release;
		};
/* End XCBuildConfiguration section */

/* Begin XCConfigurationList section */
		7B78547D24CE003E0033B936 /* Build configuration list for PBXProject "ServerSideDrivenSwiftUI" */ = {
			isa = XCConfigurationList;
			buildConfigurations = (
				7B7854A524CE00440033B936 /* Debug */,
				7B7854A624CE00440033B936 /* Release */,
			);
			defaultConfigurationIsVisible = 0;
			defaultConfigurationName = Release;
		};
		7B7854A724CE00440033B936 /* Build configuration list for PBXNativeTarget "ServerSideDrivenSwiftUI" */ = {
			isa = XCConfigurationList;
			buildConfigurations = (
				7B7854A824CE00440033B936 /* Debug */,
				7B7854A924CE00440033B936 /* Release */,
			);
			defaultConfigurationIsVisible = 0;
			defaultConfigurationName = Release;
		};
		7B7854AA24CE00440033B936 /* Build configuration list for PBXNativeTarget "ServerSideDrivenSwiftUITests" */ = {
			isa = XCConfigurationList;
			buildConfigurations = (
				7B7854AB24CE00440033B936 /* Debug */,
				7B7854AC24CE00440033B936 /* Release */,
			);
			defaultConfigurationIsVisible = 0;
			defaultConfigurationName = Release;
		};
		7B7854AD24CE00440033B936 /* Build configuration list for PBXNativeTarget "ServerSideDrivenSwiftUIUITests" */ = {
			isa = XCConfigurationList;
			buildConfigurations = (
				7B7854AE24CE00440033B936 /* Debug */,
				7B7854AF24CE00440033B936 /* Release */,
			);
			defaultConfigurationIsVisible = 0;
			defaultConfigurationName = Release;
		};
/* End XCConfigurationList section */
	};
	rootObject = 7B78547A24CE003E0033B936 /* Project object */;
}
